
Microsoft Visual Studio Solution File, Format Version 12.00
# Visual Studio Version 17
VisualStudioVersion = 17.14.36518.9 d17.14
MinimumVisualStudioVersion = 10.0.40219.1
Project("{FAE04EC0-301F-11D3-BF4B-00C04F79EFBC}") = "SeoTool.Domain", "SeoTool.Domain\SeoTool.Domain.csproj", "{54001362-701A-4023-B63D-2FF0117FEC52}"
EndProject
Project("{FAE04EC0-301F-11D3-BF4B-00C04F79EFBC}") = "SeoTool.Core", "SeoTool.Core\SeoTool.Core.csproj", "{4CCB0C8D-A622-4BF1-935C-5EB60906E552}"
EndProject
Project("{FAE04EC0-301F-11D3-BF4B-00C04F79EFBC}") = "SeoTool.Infrastructure", "SeoTool.Infrastructure\SeoTool.Infrastructure.csproj", "{CA9EB8CF-1BEE-4D18-AF34-BE274AD29540}"
EndProject
Project("{FAE04EC0-301F-11D3-BF4B-00C04F79EFBC}") = "SeoTool.Wpf", "SeoTool.Wpf\SeoTool.Wpf.csproj", "{050FC0D3-5F1F-48F1-8884-6A6B58AA009E}"
EndProject
Global
	GlobalSection(SolutionConfigurationPlatforms) = preSolution
		Debug|Any CPU = Debug|Any CPU
		Release|Any CPU = Release|Any CPU
	EndGlobalSection
	GlobalSection(ProjectConfigurationPlatforms) = postSolution
		{54001362-701A-4023-B63D-2FF0117FEC52}.Debug|Any CPU.ActiveCfg = Debug|Any CPU
		{54001362-701A-4023-B63D-2FF0117FEC52}.Debug|Any CPU.Build.0 = Debug|Any CPU
		{54001362-701A-4023-B63D-2FF0117FEC52}.Release|Any CPU.ActiveCfg = Release|Any CPU
		{54001362-701A-4023-B63D-2FF0117FEC52}.Release|Any CPU.Build.0 = Release|Any CPU
		{4CCB0C8D-A622-4BF1-935C-5EB60906E552}.Debug|Any CPU.ActiveCfg = Debug|Any CPU
		{4CCB0C8D-A622-4BF1-935C-5EB60906E552}.Debug|Any CPU.Build.0 = Debug|Any CPU
		{4CCB0C8D-A622-4BF1-935C-5EB60906E552}.Release|Any CPU.ActiveCfg = Release|Any CPU
		{4CCB0C8D-A622-4BF1-935C-5EB60906E552}.Release|Any CPU.Build.0 = Release|Any CPU
		{CA9EB8CF-1BEE-4D18-AF34-BE274AD29540}.Debug|Any CPU.ActiveCfg = Debug|Any CPU
		{CA9EB8CF-1BEE-4D18-AF34-BE274AD29540}.Debug|Any CPU.Build.0 = Debug|Any CPU
		{CA9EB8CF-1BEE-4D18-AF34-BE274AD29540}.Release|Any CPU.ActiveCfg = Release|Any CPU
		{CA9EB8CF-1BEE-4D18-AF34-BE274AD29540}.Release|Any CPU.Build.0 = Release|Any CPU
		{050FC0D3-5F1F-48F1-8884-6A6B58AA009E}.Debug|Any CPU.ActiveCfg = Debug|Any CPU
		{050FC0D3-5F1F-48F1-8884-6A6B58AA009E}.Debug|Any CPU.Build.0 = Debug|Any CPU
		{050FC0D3-5F1F-48F1-8884-6A6B58AA009E}.Release|Any CPU.ActiveCfg = Release|Any CPU
		{050FC0D3-5F1F-48F1-8884-6A6B58AA009E}.Release|Any CPU.Build.0 = Release|Any CPU
	EndGlobalSection
	GlobalSection(SolutionProperties) = preSolution
		HideSolutionNode = FALSE
	EndGlobalSection
	GlobalSection(ExtensibilityGlobals) = postSolution
		SolutionGuid = {A7D1F15A-B437-48D5-AE01-5F9724483A7E}
	EndGlobalSection
EndGlobal
